
Microsoft Visual Studio Solution File, Format Version 12.00
# Visual Studio Version 16
VisualStudioVersion = 16.0.29806.167
MinimumVisualStudioVersion = 10.0.40219.1
Project("{2150E333-8FDC-42A3-9474-1A3956D46DE8}") = "Session1", "Session1", "{0B9035C8-85CA-4542-A47E-B9E89030A22A}"
EndProject
Project("{2150E333-8FDC-42A3-9474-1A3956D46DE8}") = "Session2", "Session2", "{23665FDD-1FF9-46B7-AE0B-4A741FA5F24D}"
EndProject
Project("{9A19103F-16F7-4668-BE54-9A1E7A4F7556}") = "Exercise201", "Session2\Exercise1\Exercise201.csproj", "{AEC9FB4A-4D9B-47E2-ABED-6CBC2BBA26D6}"
EndProject
Project("{9A19103F-16F7-4668-BE54-9A1E7A4F7556}") = "Exercise103", "Session_1_Intro\Exercise2\Exercise103.csproj", "{17222D2E-6722-4A8F-AE9F-0CA68FD4E167}"
EndProject
Project("{9A19103F-16F7-4668-BE54-9A1E7A4F7556}") = "Exercise104", "Session_1_Intro\Exercise4\Exercise104.csproj", "{BD9524B1-B331-443A-B8A6-EDEC05D85A38}"
EndProject
Project("{9A19103F-16F7-4668-BE54-9A1E7A4F7556}") = "Exercise105", "Session_1_Intro\Exercise5\Exercise105.csproj", "{18ECD6E7-5F47-4DF6-BE56-F2494AD522E1}"
EndProject
Project("{9A19103F-16F7-4668-BE54-9A1E7A4F7556}") = "Exercise106", "Session_1_Intro\Exercise6\Exercise106.csproj", "{C5A14831-0E2E-4DC3-B715-3A4540FEF96F}"
EndProject
Project("{9A19103F-16F7-4668-BE54-9A1E7A4F7556}") = "Exercise107", "Session_1_Intro\Exercise7\Exercise107.csproj", "{4B423B09-A373-463D-A2A3-6866CB4FE5B5}"
EndProject
Project("{9A19103F-16F7-4668-BE54-9A1E7A4F7556}") = "Exercise108", "Session_1_Intro\Exercise8\Exercise108.csproj", "{7E6DAD15-54D4-46DA-BF0D-45E8659F842E}"
EndProject
Project("{9A19103F-16F7-4668-BE54-9A1E7A4F7556}") = "Exercise109", "Session_1_Intro\Exercise9\Exercise109.csproj", "{A98C26D0-3CCC-4AB1-91B7-E2CCEA08BEE3}"
EndProject
Project("{9A19103F-16F7-4668-BE54-9A1E7A4F7556}") = "Exercise202_Polymorphism", "Session2\Exercise2_Polymorphism\Exercise202_Polymorphism.csproj", "{A4B4E7B6-4DC5-4399-B7E1-233490191C6C}"
EndProject
Project("{9A19103F-16F7-4668-BE54-9A1E7A4F7556}") = "Exercise203_Interfaces", "Session2\Exercise3_Interfaces\Exercise203_Interfaces.csproj", "{F435C05F-62FA-4A57-9815-E70280111B4D}"
EndProject
Project("{9A19103F-16F7-4668-BE54-9A1E7A4F7556}") = "Exercise204_Collections", "Session2\Exercise4_Collections\Exercise204_Collections.csproj", "{994FEEA6-AE49-4026-A45A-C0C4DD349AED}"
EndProject
Project("{9A19103F-16F7-4668-BE54-9A1E7A4F7556}") = "Exercise205_Namespaces", "Session2\Exercise205_Namespaces\Exercise205_Namespaces.csproj", "{264F0EB9-7545-431E-8398-0B387FE59DB8}"
EndProject
Project("{9A19103F-16F7-4668-BE54-9A1E7A4F7556}") = "Exercise206_indexer", "Session2\Exercise206_indexer\Exercise206_indexer.csproj", "{702AC128-1DFD-49C5-B15B-9959670A79BB}"
EndProject
Project("{9A19103F-16F7-4668-BE54-9A1E7A4F7556}") = "Exercise207_DictionariesAndProperties", "Session2\Exercise207_DictionariesAndProperties\Exercise207_DictionariesAndProperties.csproj", "{E4065AED-A5FD-456B-8279-6636AD5337FD}"
EndProject
Project("{9A19103F-16F7-4668-BE54-9A1E7A4F7556}") = "Exercise208_Statics", "Session2\Exercise208_Statics\Exercise208_Statics.csproj", "{8E311CF9-1EBF-46B4-8C39-53B55ED8F225}"
EndProject
Project("{9A19103F-16F7-4668-BE54-9A1E7A4F7556}") = "Exercise209_HelperClass", "Session2\Exercise209_HelperClass\Exercise209_HelperClass.csproj", "{E32BDBDE-FF66-4C58-BB52-D4C9C7B615C4}"
EndProject
Project("{2150E333-8FDC-42A3-9474-1A3956D46DE8}") = "Session3", "Session3", "{5FB25037-0C14-447D-B3B1-A41D2B0885E1}"
EndProject
Project("{9A19103F-16F7-4668-BE54-9A1E7A4F7556}") = "Exercise301_MethodOverloading", "Session3\Exercise301_MethodOverloading\Exercise301_MethodOverloading.csproj", "{EEF867ED-B956-47C0-B8FC-AB753C686680}"
EndProject
Project("{9A19103F-16F7-4668-BE54-9A1E7A4F7556}") = "Exercise302_ExtensionMethods", "Session3\Exercise302_ExtensionMethods\Exercise302_ExtensionMethods.csproj", "{9FD0B7C3-7AB6-4FAE-8D1B-132F9ADA16E6}"
EndProject
Project("{9A19103F-16F7-4668-BE54-9A1E7A4F7556}") = "Exercise303_GenericStacks", "Session3\Exercise303_GenericStacks\Exercise303_GenericStacks.csproj", "{D490E8FF-3B23-4BEE-A749-AD5FE6781D98}"
EndProject
Project("{9A19103F-16F7-4668-BE54-9A1E7A4F7556}") = "Exercise304_InterfaceAndGenerics", "Session3\Exercise304_InterfaceAndGenerics\Exercise304_InterfaceAndGenerics.csproj", "{7184F21D-58AE-4401-A509-EF0DF8B344F5}"
EndProject
Project("{9A19103F-16F7-4668-BE54-9A1E7A4F7556}") = "Exercise305_OperatorOverloading", "Session3\Exercise305_OperatorOverloading\Exercise305_OperatorOverloading.csproj", "{CFE2EF8B-0287-4397-A440-F262044622F4}"
EndProject
Project("{9A19103F-16F7-4668-BE54-9A1E7A4F7556}") = "Exercise306_TernaryOperator_ConditionalOperator", "Session3\Exercise306_TernaryOperator_ConditionalOperator\Exercise306_TernaryOperator_ConditionalOperator.csproj", "{FA0749F1-0B26-46E1-A9E6-1D507A7B7EBD}"
EndProject
Project("{9A19103F-16F7-4668-BE54-9A1E7A4F7556}") = "Exercise307_Delegates", "Session3\Exercise307_Delegates\Exercise307_Delegates.csproj", "{D5F7895C-7764-4E90-99A4-86F2A4EB405A}"
EndProject
Project("{9A19103F-16F7-4668-BE54-9A1E7A4F7556}") = "Exercise308_LambdaExpressions", "Session3\Exercise308_LambdaExpressions\Exercise308_LambdaExpressions.csproj", "{8DCDCDEF-7626-493A-8359-6E5CEC99A26C}"
EndProject
Project("{2150E333-8FDC-42A3-9474-1A3956D46DE8}") = "Session4", "Session4", "{D046708F-41BD-4E94-9A78-ACCFCBCC488F}"
EndProject
Project("{9A19103F-16F7-4668-BE54-9A1E7A4F7556}") = "Exercise401_Streaming", "Session4\Exercise401_Streaming\Exercise401_Streaming.csproj", "{08B150A0-5805-4010-B972-10C13C06C191}"
EndProject
Project("{9A19103F-16F7-4668-BE54-9A1E7A4F7556}") = "Exercise402_Serialization", "Session4\Exercise402_Serialization\Exercise402_Serialization.csproj", "{8ABD2E08-407C-4023-ABD7-44F0E77C88A3}"
EndProject
Project("{9A19103F-16F7-4668-BE54-9A1E7A4F7556}") = "Exercise403_Threads", "Session4\Exercise403_Threads\Exercise403_Threads.csproj", "{CEE6B96B-728B-42F4-8E23-1A80FDD50708}"
EndProject
Project("{9A19103F-16F7-4668-BE54-9A1E7A4F7556}") = "Exercise404_TCP_Client", "Session4\Exercise404_TCP_Client\Exercise404_TCP_Client.csproj", "{0E920D34-DBD1-48E7-A076-4FBCCE3B4835}"
EndProject
Project("{9A19103F-16F7-4668-BE54-9A1E7A4F7556}") = "Exercise404_TCP_Server", "Session4\Exercise404_TCP_Server\Exercise404_TCP_Server.csproj", "{557F0791-9C6B-43B5-AADC-7F9813EB53ED}"
EndProject
Project("{2150E333-8FDC-42A3-9474-1A3956D46DE8}") = "Session5", "Session5", "{0C2FFCBB-35F8-4F1B-B28F-85A0B7358985}"
EndProject
Project("{2150E333-8FDC-42A3-9474-1A3956D46DE8}") = "Utility", "Utility", "{3BDDBF96-EF43-4A5F-94D5-5924BB97AA9A}"
EndProject
Project("{9A19103F-16F7-4668-BE54-9A1E7A4F7556}") = "RestEngine", "Utility\RestEngine\RestEngine.csproj", "{459CFD6D-59CB-4587-BBB2-EF7ACE6218BD}"
EndProject
Project("{9A19103F-16F7-4668-BE54-9A1E7A4F7556}") = "Exercise504_RestClient", "Session5\Exercise504_RestClient\Exercise504_RestClient.csproj", "{300D584C-3E17-4A44-9A43-B8A69847B16A}"
EndProject
Project("{9A19103F-16F7-4668-BE54-9A1E7A4F7556}") = "Exercise505_HangmanGame", "Session5\Exercise505_HangmanGame\Exercise505_HangmanGame.csproj", "{C34608E4-9CAB-496C-938C-EEC153F2CC12}"
EndProject
Project("{9A19103F-16F7-4668-BE54-9A1E7A4F7556}") = "Exercise506_DownloadContent", "Session5\Exercise506_DownloadContent\Exercise506_DownloadContent.csproj", "{DB72A33A-7F3B-4FD8-8919-7C138018D590}"
EndProject
Project("{2150E333-8FDC-42A3-9474-1A3956D46DE8}") = "Session6", "Session6", "{BDDF458C-547E-46DA-9BFB-675BD220F3A8}"
EndProject
Project("{9A19103F-16F7-4668-BE54-9A1E7A4F7556}") = "Exercise601_API_Client_for_testing", "Session6\Exercise601_API_Client_for_testing\Exercise601_API_Client_for_testing.csproj", "{F06C73E4-9183-45B1-A6EA-5F8C42FEE60C}"
EndProject
Project("{9A19103F-16F7-4668-BE54-9A1E7A4F7556}") = "Exercise603_Build_Api", "Session6\Exercise603_Build_Api\Exercise603_Build_Api.csproj", "{08D8E2E2-8AAD-4C60-BB7B-4617F1BC2E0C}"
EndProject
Project("{9A19103F-16F7-4668-BE54-9A1E7A4F7556}") = "resharper test", "Utility\resharper test\resharper test.csproj", "{D28B433A-0485-4E5F-8651-3367CE249821}"
EndProject
Project("{2150E333-8FDC-42A3-9474-1A3956D46DE8}") = "Session7", "Session7", "{DBF3CF75-C768-44DC-9B78-10D55249BB18}"
EndProject
Project("{FAE04EC0-301F-11D3-BF4B-00C04F79EFBC}") = "EFGetStarted", "Session7\EFGetStarted\EFGetStarted.csproj", "{10BAD545-FAB2-44F9-AF27-E9D37A5CE4E1}"
EndProject
Project("{FAE04EC0-301F-11D3-BF4B-00C04F79EFBC}") = "ContosoUniversity", "Session7\ContosoUniversity\ContosoUniversity.csproj", "{45380D1A-285A-4273-85A4-9C061080DBD1}"
EndProject
Global
	GlobalSection(SolutionConfigurationPlatforms) = preSolution
		Debug|Any CPU = Debug|Any CPU
		Release|Any CPU = Release|Any CPU
	EndGlobalSection
	GlobalSection(ProjectConfigurationPlatforms) = postSolution
		{AEC9FB4A-4D9B-47E2-ABED-6CBC2BBA26D6}.Debug|Any CPU.ActiveCfg = Debug|Any CPU
		{AEC9FB4A-4D9B-47E2-ABED-6CBC2BBA26D6}.Debug|Any CPU.Build.0 = Debug|Any CPU
		{AEC9FB4A-4D9B-47E2-ABED-6CBC2BBA26D6}.Release|Any CPU.ActiveCfg = Release|Any CPU
		{AEC9FB4A-4D9B-47E2-ABED-6CBC2BBA26D6}.Release|Any CPU.Build.0 = Release|Any CPU
		{17222D2E-6722-4A8F-AE9F-0CA68FD4E167}.Debug|Any CPU.ActiveCfg = Debug|Any CPU
		{17222D2E-6722-4A8F-AE9F-0CA68FD4E167}.Debug|Any CPU.Build.0 = Debug|Any CPU
		{17222D2E-6722-4A8F-AE9F-0CA68FD4E167}.Release|Any CPU.ActiveCfg = Release|Any CPU
		{17222D2E-6722-4A8F-AE9F-0CA68FD4E167}.Release|Any CPU.Build.0 = Release|Any CPU
		{BD9524B1-B331-443A-B8A6-EDEC05D85A38}.Debug|Any CPU.ActiveCfg = Debug|Any CPU
		{BD9524B1-B331-443A-B8A6-EDEC05D85A38}.Debug|Any CPU.Build.0 = Debug|Any CPU
		{BD9524B1-B331-443A-B8A6-EDEC05D85A38}.Release|Any CPU.ActiveCfg = Release|Any CPU
		{BD9524B1-B331-443A-B8A6-EDEC05D85A38}.Release|Any CPU.Build.0 = Release|Any CPU
		{18ECD6E7-5F47-4DF6-BE56-F2494AD522E1}.Debug|Any CPU.ActiveCfg = Debug|Any CPU
		{18ECD6E7-5F47-4DF6-BE56-F2494AD522E1}.Debug|Any CPU.Build.0 = Debug|Any CPU
		{18ECD6E7-5F47-4DF6-BE56-F2494AD522E1}.Release|Any CPU.ActiveCfg = Release|Any CPU
		{18ECD6E7-5F47-4DF6-BE56-F2494AD522E1}.Release|Any CPU.Build.0 = Release|Any CPU
		{C5A14831-0E2E-4DC3-B715-3A4540FEF96F}.Debug|Any CPU.ActiveCfg = Debug|Any CPU
		{C5A14831-0E2E-4DC3-B715-3A4540FEF96F}.Debug|Any CPU.Build.0 = Debug|Any CPU
		{C5A14831-0E2E-4DC3-B715-3A4540FEF96F}.Release|Any CPU.ActiveCfg = Release|Any CPU
		{C5A14831-0E2E-4DC3-B715-3A4540FEF96F}.Release|Any CPU.Build.0 = Release|Any CPU
		{4B423B09-A373-463D-A2A3-6866CB4FE5B5}.Debug|Any CPU.ActiveCfg = Debug|Any CPU
		{4B423B09-A373-463D-A2A3-6866CB4FE5B5}.Debug|Any CPU.Build.0 = Debug|Any CPU
		{4B423B09-A373-463D-A2A3-6866CB4FE5B5}.Release|Any CPU.ActiveCfg = Release|Any CPU
		{4B423B09-A373-463D-A2A3-6866CB4FE5B5}.Release|Any CPU.Build.0 = Release|Any CPU
		{7E6DAD15-54D4-46DA-BF0D-45E8659F842E}.Debug|Any CPU.ActiveCfg = Debug|Any CPU
		{7E6DAD15-54D4-46DA-BF0D-45E8659F842E}.Debug|Any CPU.Build.0 = Debug|Any CPU
		{7E6DAD15-54D4-46DA-BF0D-45E8659F842E}.Release|Any CPU.ActiveCfg = Release|Any CPU
		{7E6DAD15-54D4-46DA-BF0D-45E8659F842E}.Release|Any CPU.Build.0 = Release|Any CPU
		{A98C26D0-3CCC-4AB1-91B7-E2CCEA08BEE3}.Debug|Any CPU.ActiveCfg = Debug|Any CPU
		{A98C26D0-3CCC-4AB1-91B7-E2CCEA08BEE3}.Debug|Any CPU.Build.0 = Debug|Any CPU
		{A98C26D0-3CCC-4AB1-91B7-E2CCEA08BEE3}.Release|Any CPU.ActiveCfg = Release|Any CPU
		{A98C26D0-3CCC-4AB1-91B7-E2CCEA08BEE3}.Release|Any CPU.Build.0 = Release|Any CPU
		{A4B4E7B6-4DC5-4399-B7E1-233490191C6C}.Debug|Any CPU.ActiveCfg = Debug|Any CPU
		{A4B4E7B6-4DC5-4399-B7E1-233490191C6C}.Debug|Any CPU.Build.0 = Debug|Any CPU
		{A4B4E7B6-4DC5-4399-B7E1-233490191C6C}.Release|Any CPU.ActiveCfg = Release|Any CPU
		{A4B4E7B6-4DC5-4399-B7E1-233490191C6C}.Release|Any CPU.Build.0 = Release|Any CPU
		{F435C05F-62FA-4A57-9815-E70280111B4D}.Debug|Any CPU.ActiveCfg = Debug|Any CPU
		{F435C05F-62FA-4A57-9815-E70280111B4D}.Debug|Any CPU.Build.0 = Debug|Any CPU
		{F435C05F-62FA-4A57-9815-E70280111B4D}.Release|Any CPU.ActiveCfg = Release|Any CPU
		{F435C05F-62FA-4A57-9815-E70280111B4D}.Release|Any CPU.Build.0 = Release|Any CPU
		{994FEEA6-AE49-4026-A45A-C0C4DD349AED}.Debug|Any CPU.ActiveCfg = Debug|Any CPU
		{994FEEA6-AE49-4026-A45A-C0C4DD349AED}.Debug|Any CPU.Build.0 = Debug|Any CPU
		{994FEEA6-AE49-4026-A45A-C0C4DD349AED}.Release|Any CPU.ActiveCfg = Release|Any CPU
		{994FEEA6-AE49-4026-A45A-C0C4DD349AED}.Release|Any CPU.Build.0 = Release|Any CPU
		{264F0EB9-7545-431E-8398-0B387FE59DB8}.Debug|Any CPU.ActiveCfg = Debug|Any CPU
		{264F0EB9-7545-431E-8398-0B387FE59DB8}.Debug|Any CPU.Build.0 = Debug|Any CPU
		{264F0EB9-7545-431E-8398-0B387FE59DB8}.Release|Any CPU.ActiveCfg = Release|Any CPU
		{264F0EB9-7545-431E-8398-0B387FE59DB8}.Release|Any CPU.Build.0 = Release|Any CPU
		{702AC128-1DFD-49C5-B15B-9959670A79BB}.Debug|Any CPU.ActiveCfg = Debug|Any CPU
		{702AC128-1DFD-49C5-B15B-9959670A79BB}.Debug|Any CPU.Build.0 = Debug|Any CPU
		{702AC128-1DFD-49C5-B15B-9959670A79BB}.Release|Any CPU.ActiveCfg = Release|Any CPU
		{702AC128-1DFD-49C5-B15B-9959670A79BB}.Release|Any CPU.Build.0 = Release|Any CPU
		{E4065AED-A5FD-456B-8279-6636AD5337FD}.Debug|Any CPU.ActiveCfg = Debug|Any CPU
		{E4065AED-A5FD-456B-8279-6636AD5337FD}.Debug|Any CPU.Build.0 = Debug|Any CPU
		{E4065AED-A5FD-456B-8279-6636AD5337FD}.Release|Any CPU.ActiveCfg = Release|Any CPU
		{E4065AED-A5FD-456B-8279-6636AD5337FD}.Release|Any CPU.Build.0 = Release|Any CPU
		{8E311CF9-1EBF-46B4-8C39-53B55ED8F225}.Debug|Any CPU.ActiveCfg = Debug|Any CPU
		{8E311CF9-1EBF-46B4-8C39-53B55ED8F225}.Debug|Any CPU.Build.0 = Debug|Any CPU
		{8E311CF9-1EBF-46B4-8C39-53B55ED8F225}.Release|Any CPU.ActiveCfg = Release|Any CPU
		{8E311CF9-1EBF-46B4-8C39-53B55ED8F225}.Release|Any CPU.Build.0 = Release|Any CPU
		{E32BDBDE-FF66-4C58-BB52-D4C9C7B615C4}.Debug|Any CPU.ActiveCfg = Debug|Any CPU
		{E32BDBDE-FF66-4C58-BB52-D4C9C7B615C4}.Debug|Any CPU.Build.0 = Debug|Any CPU
		{E32BDBDE-FF66-4C58-BB52-D4C9C7B615C4}.Release|Any CPU.ActiveCfg = Release|Any CPU
		{E32BDBDE-FF66-4C58-BB52-D4C9C7B615C4}.Release|Any CPU.Build.0 = Release|Any CPU
		{EEF867ED-B956-47C0-B8FC-AB753C686680}.Debug|Any CPU.ActiveCfg = Debug|Any CPU
		{EEF867ED-B956-47C0-B8FC-AB753C686680}.Debug|Any CPU.Build.0 = Debug|Any CPU
		{EEF867ED-B956-47C0-B8FC-AB753C686680}.Release|Any CPU.ActiveCfg = Release|Any CPU
		{EEF867ED-B956-47C0-B8FC-AB753C686680}.Release|Any CPU.Build.0 = Release|Any CPU
		{9FD0B7C3-7AB6-4FAE-8D1B-132F9ADA16E6}.Debug|Any CPU.ActiveCfg = Debug|Any CPU
		{9FD0B7C3-7AB6-4FAE-8D1B-132F9ADA16E6}.Debug|Any CPU.Build.0 = Debug|Any CPU
		{9FD0B7C3-7AB6-4FAE-8D1B-132F9ADA16E6}.Release|Any CPU.ActiveCfg = Release|Any CPU
		{9FD0B7C3-7AB6-4FAE-8D1B-132F9ADA16E6}.Release|Any CPU.Build.0 = Release|Any CPU
		{D490E8FF-3B23-4BEE-A749-AD5FE6781D98}.Debug|Any CPU.ActiveCfg = Debug|Any CPU
		{D490E8FF-3B23-4BEE-A749-AD5FE6781D98}.Debug|Any CPU.Build.0 = Debug|Any CPU
		{D490E8FF-3B23-4BEE-A749-AD5FE6781D98}.Release|Any CPU.ActiveCfg = Release|Any CPU
		{D490E8FF-3B23-4BEE-A749-AD5FE6781D98}.Release|Any CPU.Build.0 = Release|Any CPU
		{7184F21D-58AE-4401-A509-EF0DF8B344F5}.Debug|Any CPU.ActiveCfg = Debug|Any CPU
		{7184F21D-58AE-4401-A509-EF0DF8B344F5}.Debug|Any CPU.Build.0 = Debug|Any CPU
		{7184F21D-58AE-4401-A509-EF0DF8B344F5}.Release|Any CPU.ActiveCfg = Release|Any CPU
		{7184F21D-58AE-4401-A509-EF0DF8B344F5}.Release|Any CPU.Build.0 = Release|Any CPU
		{CFE2EF8B-0287-4397-A440-F262044622F4}.Debug|Any CPU.ActiveCfg = Debug|Any CPU
		{CFE2EF8B-0287-4397-A440-F262044622F4}.Debug|Any CPU.Build.0 = Debug|Any CPU
		{CFE2EF8B-0287-4397-A440-F262044622F4}.Release|Any CPU.ActiveCfg = Release|Any CPU
		{CFE2EF8B-0287-4397-A440-F262044622F4}.Release|Any CPU.Build.0 = Release|Any CPU
		{FA0749F1-0B26-46E1-A9E6-1D507A7B7EBD}.Debug|Any CPU.ActiveCfg = Debug|Any CPU
		{FA0749F1-0B26-46E1-A9E6-1D507A7B7EBD}.Debug|Any CPU.Build.0 = Debug|Any CPU
		{FA0749F1-0B26-46E1-A9E6-1D507A7B7EBD}.Release|Any CPU.ActiveCfg = Release|Any CPU
		{FA0749F1-0B26-46E1-A9E6-1D507A7B7EBD}.Release|Any CPU.Build.0 = Release|Any CPU
		{D5F7895C-7764-4E90-99A4-86F2A4EB405A}.Debug|Any CPU.ActiveCfg = Debug|Any CPU
		{D5F7895C-7764-4E90-99A4-86F2A4EB405A}.Debug|Any CPU.Build.0 = Debug|Any CPU
		{D5F7895C-7764-4E90-99A4-86F2A4EB405A}.Release|Any CPU.ActiveCfg = Release|Any CPU
		{D5F7895C-7764-4E90-99A4-86F2A4EB405A}.Release|Any CPU.Build.0 = Release|Any CPU
		{8DCDCDEF-7626-493A-8359-6E5CEC99A26C}.Debug|Any CPU.ActiveCfg = Debug|Any CPU
		{8DCDCDEF-7626-493A-8359-6E5CEC99A26C}.Debug|Any CPU.Build.0 = Debug|Any CPU
		{8DCDCDEF-7626-493A-8359-6E5CEC99A26C}.Release|Any CPU.ActiveCfg = Release|Any CPU
		{8DCDCDEF-7626-493A-8359-6E5CEC99A26C}.Release|Any CPU.Build.0 = Release|Any CPU
		{08B150A0-5805-4010-B972-10C13C06C191}.Debug|Any CPU.ActiveCfg = Debug|Any CPU
		{08B150A0-5805-4010-B972-10C13C06C191}.Debug|Any CPU.Build.0 = Debug|Any CPU
		{08B150A0-5805-4010-B972-10C13C06C191}.Release|Any CPU.ActiveCfg = Release|Any CPU
		{08B150A0-5805-4010-B972-10C13C06C191}.Release|Any CPU.Build.0 = Release|Any CPU
		{8ABD2E08-407C-4023-ABD7-44F0E77C88A3}.Debug|Any CPU.ActiveCfg = Debug|Any CPU
		{8ABD2E08-407C-4023-ABD7-44F0E77C88A3}.Debug|Any CPU.Build.0 = Debug|Any CPU
		{8ABD2E08-407C-4023-ABD7-44F0E77C88A3}.Release|Any CPU.ActiveCfg = Release|Any CPU
		{8ABD2E08-407C-4023-ABD7-44F0E77C88A3}.Release|Any CPU.Build.0 = Release|Any CPU
		{CEE6B96B-728B-42F4-8E23-1A80FDD50708}.Debug|Any CPU.ActiveCfg = Debug|Any CPU
		{CEE6B96B-728B-42F4-8E23-1A80FDD50708}.Debug|Any CPU.Build.0 = Debug|Any CPU
		{CEE6B96B-728B-42F4-8E23-1A80FDD50708}.Release|Any CPU.ActiveCfg = Release|Any CPU
		{CEE6B96B-728B-42F4-8E23-1A80FDD50708}.Release|Any CPU.Build.0 = Release|Any CPU
		{0E920D34-DBD1-48E7-A076-4FBCCE3B4835}.Debug|Any CPU.ActiveCfg = Debug|Any CPU
		{0E920D34-DBD1-48E7-A076-4FBCCE3B4835}.Debug|Any CPU.Build.0 = Debug|Any CPU
		{0E920D34-DBD1-48E7-A076-4FBCCE3B4835}.Release|Any CPU.ActiveCfg = Release|Any CPU
		{0E920D34-DBD1-48E7-A076-4FBCCE3B4835}.Release|Any CPU.Build.0 = Release|Any CPU
		{557F0791-9C6B-43B5-AADC-7F9813EB53ED}.Debug|Any CPU.ActiveCfg = Debug|Any CPU
		{557F0791-9C6B-43B5-AADC-7F9813EB53ED}.Debug|Any CPU.Build.0 = Debug|Any CPU
		{557F0791-9C6B-43B5-AADC-7F9813EB53ED}.Release|Any CPU.ActiveCfg = Release|Any CPU
		{557F0791-9C6B-43B5-AADC-7F9813EB53ED}.Release|Any CPU.Build.0 = Release|Any CPU
		{459CFD6D-59CB-4587-BBB2-EF7ACE6218BD}.Debug|Any CPU.ActiveCfg = Debug|Any CPU
		{459CFD6D-59CB-4587-BBB2-EF7ACE6218BD}.Debug|Any CPU.Build.0 = Debug|Any CPU
		{459CFD6D-59CB-4587-BBB2-EF7ACE6218BD}.Release|Any CPU.ActiveCfg = Release|Any CPU
		{459CFD6D-59CB-4587-BBB2-EF7ACE6218BD}.Release|Any CPU.Build.0 = Release|Any CPU
		{300D584C-3E17-4A44-9A43-B8A69847B16A}.Debug|Any CPU.ActiveCfg = Debug|Any CPU
		{300D584C-3E17-4A44-9A43-B8A69847B16A}.Debug|Any CPU.Build.0 = Debug|Any CPU
		{300D584C-3E17-4A44-9A43-B8A69847B16A}.Release|Any CPU.ActiveCfg = Release|Any CPU
		{300D584C-3E17-4A44-9A43-B8A69847B16A}.Release|Any CPU.Build.0 = Release|Any CPU
		{C34608E4-9CAB-496C-938C-EEC153F2CC12}.Debug|Any CPU.ActiveCfg = Debug|Any CPU
		{C34608E4-9CAB-496C-938C-EEC153F2CC12}.Debug|Any CPU.Build.0 = Debug|Any CPU
		{C34608E4-9CAB-496C-938C-EEC153F2CC12}.Release|Any CPU.ActiveCfg = Release|Any CPU
		{C34608E4-9CAB-496C-938C-EEC153F2CC12}.Release|Any CPU.Build.0 = Release|Any CPU
		{DB72A33A-7F3B-4FD8-8919-7C138018D590}.Debug|Any CPU.ActiveCfg = Debug|Any CPU
		{DB72A33A-7F3B-4FD8-8919-7C138018D590}.Debug|Any CPU.Build.0 = Debug|Any CPU
		{DB72A33A-7F3B-4FD8-8919-7C138018D590}.Release|Any CPU.ActiveCfg = Release|Any CPU
		{DB72A33A-7F3B-4FD8-8919-7C138018D590}.Release|Any CPU.Build.0 = Release|Any CPU
		{F06C73E4-9183-45B1-A6EA-5F8C42FEE60C}.Debug|Any CPU.ActiveCfg = Debug|Any CPU
		{F06C73E4-9183-45B1-A6EA-5F8C42FEE60C}.Debug|Any CPU.Build.0 = Debug|Any CPU
		{F06C73E4-9183-45B1-A6EA-5F8C42FEE60C}.Release|Any CPU.ActiveCfg = Release|Any CPU
		{F06C73E4-9183-45B1-A6EA-5F8C42FEE60C}.Release|Any CPU.Build.0 = Release|Any CPU
		{08D8E2E2-8AAD-4C60-BB7B-4617F1BC2E0C}.Debug|Any CPU.ActiveCfg = Debug|Any CPU
		{08D8E2E2-8AAD-4C60-BB7B-4617F1BC2E0C}.Debug|Any CPU.Build.0 = Debug|Any CPU
		{08D8E2E2-8AAD-4C60-BB7B-4617F1BC2E0C}.Release|Any CPU.ActiveCfg = Release|Any CPU
		{08D8E2E2-8AAD-4C60-BB7B-4617F1BC2E0C}.Release|Any CPU.Build.0 = Release|Any CPU
		{D28B433A-0485-4E5F-8651-3367CE249821}.Debug|Any CPU.ActiveCfg = Debug|Any CPU
		{D28B433A-0485-4E5F-8651-3367CE249821}.Debug|Any CPU.Build.0 = Debug|Any CPU
		{D28B433A-0485-4E5F-8651-3367CE249821}.Release|Any CPU.ActiveCfg = Release|Any CPU
		{D28B433A-0485-4E5F-8651-3367CE249821}.Release|Any CPU.Build.0 = Release|Any CPU
		{10BAD545-FAB2-44F9-AF27-E9D37A5CE4E1}.Debug|Any CPU.ActiveCfg = Debug|Any CPU
		{10BAD545-FAB2-44F9-AF27-E9D37A5CE4E1}.Debug|Any CPU.Build.0 = Debug|Any CPU
		{10BAD545-FAB2-44F9-AF27-E9D37A5CE4E1}.Release|Any CPU.ActiveCfg = Release|Any CPU
		{10BAD545-FAB2-44F9-AF27-E9D37A5CE4E1}.Release|Any CPU.Build.0 = Release|Any CPU
		{45380D1A-285A-4273-85A4-9C061080DBD1}.Debug|Any CPU.ActiveCfg = Debug|Any CPU
		{45380D1A-285A-4273-85A4-9C061080DBD1}.Debug|Any CPU.Build.0 = Debug|Any CPU
		{45380D1A-285A-4273-85A4-9C061080DBD1}.Release|Any CPU.ActiveCfg = Release|Any CPU
		{45380D1A-285A-4273-85A4-9C061080DBD1}.Release|Any CPU.Build.0 = Release|Any CPU
	EndGlobalSection
	GlobalSection(SolutionProperties) = preSolution
		HideSolutionNode = FALSE
	EndGlobalSection
	GlobalSection(NestedProjects) = preSolution
		{AEC9FB4A-4D9B-47E2-ABED-6CBC2BBA26D6} = {23665FDD-1FF9-46B7-AE0B-4A741FA5F24D}
		{17222D2E-6722-4A8F-AE9F-0CA68FD4E167} = {0B9035C8-85CA-4542-A47E-B9E89030A22A}
		{BD9524B1-B331-443A-B8A6-EDEC05D85A38} = {0B9035C8-85CA-4542-A47E-B9E89030A22A}
		{18ECD6E7-5F47-4DF6-BE56-F2494AD522E1} = {0B9035C8-85CA-4542-A47E-B9E89030A22A}
		{C5A14831-0E2E-4DC3-B715-3A4540FEF96F} = {0B9035C8-85CA-4542-A47E-B9E89030A22A}
		{4B423B09-A373-463D-A2A3-6866CB4FE5B5} = {0B9035C8-85CA-4542-A47E-B9E89030A22A}
		{7E6DAD15-54D4-46DA-BF0D-45E8659F842E} = {0B9035C8-85CA-4542-A47E-B9E89030A22A}
		{A98C26D0-3CCC-4AB1-91B7-E2CCEA08BEE3} = {0B9035C8-85CA-4542-A47E-B9E89030A22A}
		{A4B4E7B6-4DC5-4399-B7E1-233490191C6C} = {23665FDD-1FF9-46B7-AE0B-4A741FA5F24D}
		{F435C05F-62FA-4A57-9815-E70280111B4D} = {23665FDD-1FF9-46B7-AE0B-4A741FA5F24D}
		{994FEEA6-AE49-4026-A45A-C0C4DD349AED} = {23665FDD-1FF9-46B7-AE0B-4A741FA5F24D}
		{264F0EB9-7545-431E-8398-0B387FE59DB8} = {23665FDD-1FF9-46B7-AE0B-4A741FA5F24D}
		{702AC128-1DFD-49C5-B15B-9959670A79BB} = {23665FDD-1FF9-46B7-AE0B-4A741FA5F24D}
		{E4065AED-A5FD-456B-8279-6636AD5337FD} = {23665FDD-1FF9-46B7-AE0B-4A741FA5F24D}
		{8E311CF9-1EBF-46B4-8C39-53B55ED8F225} = {23665FDD-1FF9-46B7-AE0B-4A741FA5F24D}
		{E32BDBDE-FF66-4C58-BB52-D4C9C7B615C4} = {23665FDD-1FF9-46B7-AE0B-4A741FA5F24D}
		{EEF867ED-B956-47C0-B8FC-AB753C686680} = {5FB25037-0C14-447D-B3B1-A41D2B0885E1}
		{9FD0B7C3-7AB6-4FAE-8D1B-132F9ADA16E6} = {5FB25037-0C14-447D-B3B1-A41D2B0885E1}
		{D490E8FF-3B23-4BEE-A749-AD5FE6781D98} = {5FB25037-0C14-447D-B3B1-A41D2B0885E1}
		{7184F21D-58AE-4401-A509-EF0DF8B344F5} = {5FB25037-0C14-447D-B3B1-A41D2B0885E1}
		{CFE2EF8B-0287-4397-A440-F262044622F4} = {5FB25037-0C14-447D-B3B1-A41D2B0885E1}
		{FA0749F1-0B26-46E1-A9E6-1D507A7B7EBD} = {5FB25037-0C14-447D-B3B1-A41D2B0885E1}
		{D5F7895C-7764-4E90-99A4-86F2A4EB405A} = {5FB25037-0C14-447D-B3B1-A41D2B0885E1}
		{8DCDCDEF-7626-493A-8359-6E5CEC99A26C} = {5FB25037-0C14-447D-B3B1-A41D2B0885E1}
		{08B150A0-5805-4010-B972-10C13C06C191} = {D046708F-41BD-4E94-9A78-ACCFCBCC488F}
		{8ABD2E08-407C-4023-ABD7-44F0E77C88A3} = {D046708F-41BD-4E94-9A78-ACCFCBCC488F}
		{CEE6B96B-728B-42F4-8E23-1A80FDD50708} = {D046708F-41BD-4E94-9A78-ACCFCBCC488F}
		{0E920D34-DBD1-48E7-A076-4FBCCE3B4835} = {D046708F-41BD-4E94-9A78-ACCFCBCC488F}
		{557F0791-9C6B-43B5-AADC-7F9813EB53ED} = {D046708F-41BD-4E94-9A78-ACCFCBCC488F}
		{459CFD6D-59CB-4587-BBB2-EF7ACE6218BD} = {3BDDBF96-EF43-4A5F-94D5-5924BB97AA9A}
		{300D584C-3E17-4A44-9A43-B8A69847B16A} = {0C2FFCBB-35F8-4F1B-B28F-85A0B7358985}
		{C34608E4-9CAB-496C-938C-EEC153F2CC12} = {0C2FFCBB-35F8-4F1B-B28F-85A0B7358985}
		{DB72A33A-7F3B-4FD8-8919-7C138018D590} = {0C2FFCBB-35F8-4F1B-B28F-85A0B7358985}
		{F06C73E4-9183-45B1-A6EA-5F8C42FEE60C} = {BDDF458C-547E-46DA-9BFB-675BD220F3A8}
		{08D8E2E2-8AAD-4C60-BB7B-4617F1BC2E0C} = {BDDF458C-547E-46DA-9BFB-675BD220F3A8}
		{D28B433A-0485-4E5F-8651-3367CE249821} = {3BDDBF96-EF43-4A5F-94D5-5924BB97AA9A}
		{10BAD545-FAB2-44F9-AF27-E9D37A5CE4E1} = {DBF3CF75-C768-44DC-9B78-10D55249BB18}
		{45380D1A-285A-4273-85A4-9C061080DBD1} = {DBF3CF75-C768-44DC-9B78-10D55249BB18}
	EndGlobalSection
	GlobalSection(ExtensibilityGlobals) = postSolution
		SolutionGuid = {A8D25B40-5E5C-4D4F-9EA2-2075F9E34813}
	EndGlobalSection
EndGlobal
