
Microsoft Visual Studio Solution File, Format Version 12.00
# Visual Studio Version 16
VisualStudioVersion = 16.0.29806.167
MinimumVisualStudioVersion = 10.0.40219.1
Project("{2150E333-8FDC-42A3-9474-1A3956D46DE8}") = "Session1", "Session1", "{0B9035C8-85CA-4542-A47E-B9E89030A22A}"
EndProject
Project("{2150E333-8FDC-42A3-9474-1A3956D46DE8}") = "Session2", "Session2", "{23665FDD-1FF9-46B7-AE0B-4A741FA5F24D}"
EndProject
Project("{FAE04EC0-301F-11D3-BF4B-00C04F79EFBC}") = "Exercise1", "Session2\Exercise1\Exercise1.csproj", "{AEC9FB4A-4D9B-47E2-ABED-6CBC2BBA26D6}"
EndProject
Project("{9A19103F-16F7-4668-BE54-9A1E7A4F7556}") = "Exercise3", "Session_1_Intro\Exercise2\Exercise3.csproj", "{17222D2E-6722-4A8F-AE9F-0CA68FD4E167}"
EndProject
Project("{9A19103F-16F7-4668-BE54-9A1E7A4F7556}") = "Exercise4", "Session_1_Intro\Exercise4\Exercise4.csproj", "{BD9524B1-B331-443A-B8A6-EDEC05D85A38}"
EndProject
Project("{9A19103F-16F7-4668-BE54-9A1E7A4F7556}") = "Exercise5", "Session_1_Intro\Exercise5\Exercise5.csproj", "{18ECD6E7-5F47-4DF6-BE56-F2494AD522E1}"
EndProject
Project("{9A19103F-16F7-4668-BE54-9A1E7A4F7556}") = "Exercise6", "Session_1_Intro\Exercise6\Exercise6.csproj", "{C5A14831-0E2E-4DC3-B715-3A4540FEF96F}"
EndProject
Project("{9A19103F-16F7-4668-BE54-9A1E7A4F7556}") = "Exercise7", "Session_1_Intro\Exercise7\Exercise7.csproj", "{4B423B09-A373-463D-A2A3-6866CB4FE5B5}"
EndProject
Project("{9A19103F-16F7-4668-BE54-9A1E7A4F7556}") = "Exercise8", "Session_1_Intro\Exercise8\Exercise8.csproj", "{7E6DAD15-54D4-46DA-BF0D-45E8659F842E}"
EndProject
Project("{9A19103F-16F7-4668-BE54-9A1E7A4F7556}") = "Exercise9", "Session_1_Intro\Exercise9\Exercise9.csproj", "{A98C26D0-3CCC-4AB1-91B7-E2CCEA08BEE3}"
EndProject
Global
	GlobalSection(SolutionConfigurationPlatforms) = preSolution
		Debug|Any CPU = Debug|Any CPU
		Release|Any CPU = Release|Any CPU
	EndGlobalSection
	GlobalSection(ProjectConfigurationPlatforms) = postSolution
		{AEC9FB4A-4D9B-47E2-ABED-6CBC2BBA26D6}.Debug|Any CPU.ActiveCfg = Debug|Any CPU
		{AEC9FB4A-4D9B-47E2-ABED-6CBC2BBA26D6}.Debug|Any CPU.Build.0 = Debug|Any CPU
		{AEC9FB4A-4D9B-47E2-ABED-6CBC2BBA26D6}.Release|Any CPU.ActiveCfg = Release|Any CPU
		{AEC9FB4A-4D9B-47E2-ABED-6CBC2BBA26D6}.Release|Any CPU.Build.0 = Release|Any CPU
		{17222D2E-6722-4A8F-AE9F-0CA68FD4E167}.Debug|Any CPU.ActiveCfg = Debug|Any CPU
		{17222D2E-6722-4A8F-AE9F-0CA68FD4E167}.Debug|Any CPU.Build.0 = Debug|Any CPU
		{17222D2E-6722-4A8F-AE9F-0CA68FD4E167}.Release|Any CPU.ActiveCfg = Release|Any CPU
		{17222D2E-6722-4A8F-AE9F-0CA68FD4E167}.Release|Any CPU.Build.0 = Release|Any CPU
		{BD9524B1-B331-443A-B8A6-EDEC05D85A38}.Debug|Any CPU.ActiveCfg = Debug|Any CPU
		{BD9524B1-B331-443A-B8A6-EDEC05D85A38}.Debug|Any CPU.Build.0 = Debug|Any CPU
		{BD9524B1-B331-443A-B8A6-EDEC05D85A38}.Release|Any CPU.ActiveCfg = Release|Any CPU
		{BD9524B1-B331-443A-B8A6-EDEC05D85A38}.Release|Any CPU.Build.0 = Release|Any CPU
		{18ECD6E7-5F47-4DF6-BE56-F2494AD522E1}.Debug|Any CPU.ActiveCfg = Debug|Any CPU
		{18ECD6E7-5F47-4DF6-BE56-F2494AD522E1}.Debug|Any CPU.Build.0 = Debug|Any CPU
		{18ECD6E7-5F47-4DF6-BE56-F2494AD522E1}.Release|Any CPU.ActiveCfg = Release|Any CPU
		{18ECD6E7-5F47-4DF6-BE56-F2494AD522E1}.Release|Any CPU.Build.0 = Release|Any CPU
		{C5A14831-0E2E-4DC3-B715-3A4540FEF96F}.Debug|Any CPU.ActiveCfg = Debug|Any CPU
		{C5A14831-0E2E-4DC3-B715-3A4540FEF96F}.Debug|Any CPU.Build.0 = Debug|Any CPU
		{C5A14831-0E2E-4DC3-B715-3A4540FEF96F}.Release|Any CPU.ActiveCfg = Release|Any CPU
		{C5A14831-0E2E-4DC3-B715-3A4540FEF96F}.Release|Any CPU.Build.0 = Release|Any CPU
		{4B423B09-A373-463D-A2A3-6866CB4FE5B5}.Debug|Any CPU.ActiveCfg = Debug|Any CPU
		{4B423B09-A373-463D-A2A3-6866CB4FE5B5}.Debug|Any CPU.Build.0 = Debug|Any CPU
		{4B423B09-A373-463D-A2A3-6866CB4FE5B5}.Release|Any CPU.ActiveCfg = Release|Any CPU
		{4B423B09-A373-463D-A2A3-6866CB4FE5B5}.Release|Any CPU.Build.0 = Release|Any CPU
		{7E6DAD15-54D4-46DA-BF0D-45E8659F842E}.Debug|Any CPU.ActiveCfg = Debug|Any CPU
		{7E6DAD15-54D4-46DA-BF0D-45E8659F842E}.Debug|Any CPU.Build.0 = Debug|Any CPU
		{7E6DAD15-54D4-46DA-BF0D-45E8659F842E}.Release|Any CPU.ActiveCfg = Release|Any CPU
		{7E6DAD15-54D4-46DA-BF0D-45E8659F842E}.Release|Any CPU.Build.0 = Release|Any CPU
		{A98C26D0-3CCC-4AB1-91B7-E2CCEA08BEE3}.Debug|Any CPU.ActiveCfg = Debug|Any CPU
		{A98C26D0-3CCC-4AB1-91B7-E2CCEA08BEE3}.Debug|Any CPU.Build.0 = Debug|Any CPU
		{A98C26D0-3CCC-4AB1-91B7-E2CCEA08BEE3}.Release|Any CPU.ActiveCfg = Release|Any CPU
		{A98C26D0-3CCC-4AB1-91B7-E2CCEA08BEE3}.Release|Any CPU.Build.0 = Release|Any CPU
	EndGlobalSection
	GlobalSection(SolutionProperties) = preSolution
		HideSolutionNode = FALSE
	EndGlobalSection
	GlobalSection(NestedProjects) = preSolution
		{AEC9FB4A-4D9B-47E2-ABED-6CBC2BBA26D6} = {23665FDD-1FF9-46B7-AE0B-4A741FA5F24D}
		{17222D2E-6722-4A8F-AE9F-0CA68FD4E167} = {0B9035C8-85CA-4542-A47E-B9E89030A22A}
		{BD9524B1-B331-443A-B8A6-EDEC05D85A38} = {0B9035C8-85CA-4542-A47E-B9E89030A22A}
		{18ECD6E7-5F47-4DF6-BE56-F2494AD522E1} = {0B9035C8-85CA-4542-A47E-B9E89030A22A}
		{C5A14831-0E2E-4DC3-B715-3A4540FEF96F} = {0B9035C8-85CA-4542-A47E-B9E89030A22A}
		{4B423B09-A373-463D-A2A3-6866CB4FE5B5} = {0B9035C8-85CA-4542-A47E-B9E89030A22A}
		{7E6DAD15-54D4-46DA-BF0D-45E8659F842E} = {0B9035C8-85CA-4542-A47E-B9E89030A22A}
		{A98C26D0-3CCC-4AB1-91B7-E2CCEA08BEE3} = {0B9035C8-85CA-4542-A47E-B9E89030A22A}
	EndGlobalSection
	GlobalSection(ExtensibilityGlobals) = postSolution
		SolutionGuid = {A8D25B40-5E5C-4D4F-9EA2-2075F9E34813}
	EndGlobalSection
EndGlobal
