
Microsoft Visual Studio Solution File, Format Version 12.00
# Visual Studio Version 16
VisualStudioVersion = 16.0.29806.167
MinimumVisualStudioVersion = 10.0.40219.1
Project("{2150E333-8FDC-42A3-9474-1A3956D46DE8}") = "Session1", "Session1", "{0B9035C8-85CA-4542-A47E-B9E89030A22A}"
EndProject
Project("{2150E333-8FDC-42A3-9474-1A3956D46DE8}") = "Session2", "Session2", "{23665FDD-1FF9-46B7-AE0B-4A741FA5F24D}"
EndProject
Project("{9A19103F-16F7-4668-BE54-9A1E7A4F7556}") = "Exercise201", "Session2\Exercise1\Exercise201.csproj", "{AEC9FB4A-4D9B-47E2-ABED-6CBC2BBA26D6}"
EndProject
Project("{9A19103F-16F7-4668-BE54-9A1E7A4F7556}") = "Exercise103", "Session_1_Intro\Exercise2\Exercise103.csproj", "{17222D2E-6722-4A8F-AE9F-0CA68FD4E167}"
EndProject
Project("{9A19103F-16F7-4668-BE54-9A1E7A4F7556}") = "Exercise104", "Session_1_Intro\Exercise4\Exercise104.csproj", "{BD9524B1-B331-443A-B8A6-EDEC05D85A38}"
EndProject
Project("{9A19103F-16F7-4668-BE54-9A1E7A4F7556}") = "Exercise105", "Session_1_Intro\Exercise5\Exercise105.csproj", "{18ECD6E7-5F47-4DF6-BE56-F2494AD522E1}"
EndProject
Project("{9A19103F-16F7-4668-BE54-9A1E7A4F7556}") = "Exercise106", "Session_1_Intro\Exercise6\Exercise106.csproj", "{C5A14831-0E2E-4DC3-B715-3A4540FEF96F}"
EndProject
Project("{9A19103F-16F7-4668-BE54-9A1E7A4F7556}") = "Exercise107", "Session_1_Intro\Exercise7\Exercise107.csproj", "{4B423B09-A373-463D-A2A3-6866CB4FE5B5}"
EndProject
Project("{9A19103F-16F7-4668-BE54-9A1E7A4F7556}") = "Exercise108", "Session_1_Intro\Exercise8\Exercise108.csproj", "{7E6DAD15-54D4-46DA-BF0D-45E8659F842E}"
EndProject
Project("{9A19103F-16F7-4668-BE54-9A1E7A4F7556}") = "Exercise109", "Session_1_Intro\Exercise9\Exercise109.csproj", "{A98C26D0-3CCC-4AB1-91B7-E2CCEA08BEE3}"
EndProject
Project("{9A19103F-16F7-4668-BE54-9A1E7A4F7556}") = "Exercise202_Polymorphism", "Session2\Exercise2_Polymorphism\Exercise202_Polymorphism.csproj", "{A4B4E7B6-4DC5-4399-B7E1-233490191C6C}"
EndProject
Project("{9A19103F-16F7-4668-BE54-9A1E7A4F7556}") = "Exercise203_Interfaces", "Session2\Exercise3_Interfaces\Exercise203_Interfaces.csproj", "{F435C05F-62FA-4A57-9815-E70280111B4D}"
EndProject
Project("{9A19103F-16F7-4668-BE54-9A1E7A4F7556}") = "Exercise204_Collections", "Session2\Exercise4_Collections\Exercise204_Collections.csproj", "{994FEEA6-AE49-4026-A45A-C0C4DD349AED}"
EndProject
Project("{9A19103F-16F7-4668-BE54-9A1E7A4F7556}") = "Exercise205_Namespaces", "Session2\Exercise205_Namespaces\Exercise205_Namespaces.csproj", "{264F0EB9-7545-431E-8398-0B387FE59DB8}"
EndProject
Project("{FAE04EC0-301F-11D3-BF4B-00C04F79EFBC}") = "Exercise206_indexer", "Session2\Exercise206_indexer\Exercise206_indexer.csproj", "{702AC128-1DFD-49C5-B15B-9959670A79BB}"
EndProject
Project("{FAE04EC0-301F-11D3-BF4B-00C04F79EFBC}") = "Exercise207_DictionariesAndProperties", "Session2\Exercise207_DictionariesAndProperties\Exercise207_DictionariesAndProperties.csproj", "{E4065AED-A5FD-456B-8279-6636AD5337FD}"
EndProject
Project("{FAE04EC0-301F-11D3-BF4B-00C04F79EFBC}") = "Exercise208_Statics", "Session2\Exercise208_Statics\Exercise208_Statics.csproj", "{8E311CF9-1EBF-46B4-8C39-53B55ED8F225}"
EndProject
Project("{FAE04EC0-301F-11D3-BF4B-00C04F79EFBC}") = "Exercise209_HelperClass", "Session2\Exercise209_HelperClass\Exercise209_HelperClass.csproj", "{E32BDBDE-FF66-4C58-BB52-D4C9C7B615C4}"
EndProject
Global
	GlobalSection(SolutionConfigurationPlatforms) = preSolution
		Debug|Any CPU = Debug|Any CPU
		Release|Any CPU = Release|Any CPU
	EndGlobalSection
	GlobalSection(ProjectConfigurationPlatforms) = postSolution
		{AEC9FB4A-4D9B-47E2-ABED-6CBC2BBA26D6}.Debug|Any CPU.ActiveCfg = Debug|Any CPU
		{AEC9FB4A-4D9B-47E2-ABED-6CBC2BBA26D6}.Debug|Any CPU.Build.0 = Debug|Any CPU
		{AEC9FB4A-4D9B-47E2-ABED-6CBC2BBA26D6}.Release|Any CPU.ActiveCfg = Release|Any CPU
		{AEC9FB4A-4D9B-47E2-ABED-6CBC2BBA26D6}.Release|Any CPU.Build.0 = Release|Any CPU
		{17222D2E-6722-4A8F-AE9F-0CA68FD4E167}.Debug|Any CPU.ActiveCfg = Debug|Any CPU
		{17222D2E-6722-4A8F-AE9F-0CA68FD4E167}.Debug|Any CPU.Build.0 = Debug|Any CPU
		{17222D2E-6722-4A8F-AE9F-0CA68FD4E167}.Release|Any CPU.ActiveCfg = Release|Any CPU
		{17222D2E-6722-4A8F-AE9F-0CA68FD4E167}.Release|Any CPU.Build.0 = Release|Any CPU
		{BD9524B1-B331-443A-B8A6-EDEC05D85A38}.Debug|Any CPU.ActiveCfg = Debug|Any CPU
		{BD9524B1-B331-443A-B8A6-EDEC05D85A38}.Debug|Any CPU.Build.0 = Debug|Any CPU
		{BD9524B1-B331-443A-B8A6-EDEC05D85A38}.Release|Any CPU.ActiveCfg = Release|Any CPU
		{BD9524B1-B331-443A-B8A6-EDEC05D85A38}.Release|Any CPU.Build.0 = Release|Any CPU
		{18ECD6E7-5F47-4DF6-BE56-F2494AD522E1}.Debug|Any CPU.ActiveCfg = Debug|Any CPU
		{18ECD6E7-5F47-4DF6-BE56-F2494AD522E1}.Debug|Any CPU.Build.0 = Debug|Any CPU
		{18ECD6E7-5F47-4DF6-BE56-F2494AD522E1}.Release|Any CPU.ActiveCfg = Release|Any CPU
		{18ECD6E7-5F47-4DF6-BE56-F2494AD522E1}.Release|Any CPU.Build.0 = Release|Any CPU
		{C5A14831-0E2E-4DC3-B715-3A4540FEF96F}.Debug|Any CPU.ActiveCfg = Debug|Any CPU
		{C5A14831-0E2E-4DC3-B715-3A4540FEF96F}.Debug|Any CPU.Build.0 = Debug|Any CPU
		{C5A14831-0E2E-4DC3-B715-3A4540FEF96F}.Release|Any CPU.ActiveCfg = Release|Any CPU
		{C5A14831-0E2E-4DC3-B715-3A4540FEF96F}.Release|Any CPU.Build.0 = Release|Any CPU
		{4B423B09-A373-463D-A2A3-6866CB4FE5B5}.Debug|Any CPU.ActiveCfg = Debug|Any CPU
		{4B423B09-A373-463D-A2A3-6866CB4FE5B5}.Debug|Any CPU.Build.0 = Debug|Any CPU
		{4B423B09-A373-463D-A2A3-6866CB4FE5B5}.Release|Any CPU.ActiveCfg = Release|Any CPU
		{4B423B09-A373-463D-A2A3-6866CB4FE5B5}.Release|Any CPU.Build.0 = Release|Any CPU
		{7E6DAD15-54D4-46DA-BF0D-45E8659F842E}.Debug|Any CPU.ActiveCfg = Debug|Any CPU
		{7E6DAD15-54D4-46DA-BF0D-45E8659F842E}.Debug|Any CPU.Build.0 = Debug|Any CPU
		{7E6DAD15-54D4-46DA-BF0D-45E8659F842E}.Release|Any CPU.ActiveCfg = Release|Any CPU
		{7E6DAD15-54D4-46DA-BF0D-45E8659F842E}.Release|Any CPU.Build.0 = Release|Any CPU
		{A98C26D0-3CCC-4AB1-91B7-E2CCEA08BEE3}.Debug|Any CPU.ActiveCfg = Debug|Any CPU
		{A98C26D0-3CCC-4AB1-91B7-E2CCEA08BEE3}.Debug|Any CPU.Build.0 = Debug|Any CPU
		{A98C26D0-3CCC-4AB1-91B7-E2CCEA08BEE3}.Release|Any CPU.ActiveCfg = Release|Any CPU
		{A98C26D0-3CCC-4AB1-91B7-E2CCEA08BEE3}.Release|Any CPU.Build.0 = Release|Any CPU
		{A4B4E7B6-4DC5-4399-B7E1-233490191C6C}.Debug|Any CPU.ActiveCfg = Debug|Any CPU
		{A4B4E7B6-4DC5-4399-B7E1-233490191C6C}.Debug|Any CPU.Build.0 = Debug|Any CPU
		{A4B4E7B6-4DC5-4399-B7E1-233490191C6C}.Release|Any CPU.ActiveCfg = Release|Any CPU
		{A4B4E7B6-4DC5-4399-B7E1-233490191C6C}.Release|Any CPU.Build.0 = Release|Any CPU
		{F435C05F-62FA-4A57-9815-E70280111B4D}.Debug|Any CPU.ActiveCfg = Debug|Any CPU
		{F435C05F-62FA-4A57-9815-E70280111B4D}.Debug|Any CPU.Build.0 = Debug|Any CPU
		{F435C05F-62FA-4A57-9815-E70280111B4D}.Release|Any CPU.ActiveCfg = Release|Any CPU
		{F435C05F-62FA-4A57-9815-E70280111B4D}.Release|Any CPU.Build.0 = Release|Any CPU
		{994FEEA6-AE49-4026-A45A-C0C4DD349AED}.Debug|Any CPU.ActiveCfg = Debug|Any CPU
		{994FEEA6-AE49-4026-A45A-C0C4DD349AED}.Debug|Any CPU.Build.0 = Debug|Any CPU
		{994FEEA6-AE49-4026-A45A-C0C4DD349AED}.Release|Any CPU.ActiveCfg = Release|Any CPU
		{994FEEA6-AE49-4026-A45A-C0C4DD349AED}.Release|Any CPU.Build.0 = Release|Any CPU
		{264F0EB9-7545-431E-8398-0B387FE59DB8}.Debug|Any CPU.ActiveCfg = Debug|Any CPU
		{264F0EB9-7545-431E-8398-0B387FE59DB8}.Debug|Any CPU.Build.0 = Debug|Any CPU
		{264F0EB9-7545-431E-8398-0B387FE59DB8}.Release|Any CPU.ActiveCfg = Release|Any CPU
		{264F0EB9-7545-431E-8398-0B387FE59DB8}.Release|Any CPU.Build.0 = Release|Any CPU
		{702AC128-1DFD-49C5-B15B-9959670A79BB}.Debug|Any CPU.ActiveCfg = Debug|Any CPU
		{702AC128-1DFD-49C5-B15B-9959670A79BB}.Debug|Any CPU.Build.0 = Debug|Any CPU
		{702AC128-1DFD-49C5-B15B-9959670A79BB}.Release|Any CPU.ActiveCfg = Release|Any CPU
		{702AC128-1DFD-49C5-B15B-9959670A79BB}.Release|Any CPU.Build.0 = Release|Any CPU
		{E4065AED-A5FD-456B-8279-6636AD5337FD}.Debug|Any CPU.ActiveCfg = Debug|Any CPU
		{E4065AED-A5FD-456B-8279-6636AD5337FD}.Debug|Any CPU.Build.0 = Debug|Any CPU
		{E4065AED-A5FD-456B-8279-6636AD5337FD}.Release|Any CPU.ActiveCfg = Release|Any CPU
		{E4065AED-A5FD-456B-8279-6636AD5337FD}.Release|Any CPU.Build.0 = Release|Any CPU
		{8E311CF9-1EBF-46B4-8C39-53B55ED8F225}.Debug|Any CPU.ActiveCfg = Debug|Any CPU
		{8E311CF9-1EBF-46B4-8C39-53B55ED8F225}.Debug|Any CPU.Build.0 = Debug|Any CPU
		{8E311CF9-1EBF-46B4-8C39-53B55ED8F225}.Release|Any CPU.ActiveCfg = Release|Any CPU
		{8E311CF9-1EBF-46B4-8C39-53B55ED8F225}.Release|Any CPU.Build.0 = Release|Any CPU
		{E32BDBDE-FF66-4C58-BB52-D4C9C7B615C4}.Debug|Any CPU.ActiveCfg = Debug|Any CPU
		{E32BDBDE-FF66-4C58-BB52-D4C9C7B615C4}.Debug|Any CPU.Build.0 = Debug|Any CPU
		{E32BDBDE-FF66-4C58-BB52-D4C9C7B615C4}.Release|Any CPU.ActiveCfg = Release|Any CPU
		{E32BDBDE-FF66-4C58-BB52-D4C9C7B615C4}.Release|Any CPU.Build.0 = Release|Any CPU
	EndGlobalSection
	GlobalSection(SolutionProperties) = preSolution
		HideSolutionNode = FALSE
	EndGlobalSection
	GlobalSection(NestedProjects) = preSolution
		{AEC9FB4A-4D9B-47E2-ABED-6CBC2BBA26D6} = {23665FDD-1FF9-46B7-AE0B-4A741FA5F24D}
		{17222D2E-6722-4A8F-AE9F-0CA68FD4E167} = {0B9035C8-85CA-4542-A47E-B9E89030A22A}
		{BD9524B1-B331-443A-B8A6-EDEC05D85A38} = {0B9035C8-85CA-4542-A47E-B9E89030A22A}
		{18ECD6E7-5F47-4DF6-BE56-F2494AD522E1} = {0B9035C8-85CA-4542-A47E-B9E89030A22A}
		{C5A14831-0E2E-4DC3-B715-3A4540FEF96F} = {0B9035C8-85CA-4542-A47E-B9E89030A22A}
		{4B423B09-A373-463D-A2A3-6866CB4FE5B5} = {0B9035C8-85CA-4542-A47E-B9E89030A22A}
		{7E6DAD15-54D4-46DA-BF0D-45E8659F842E} = {0B9035C8-85CA-4542-A47E-B9E89030A22A}
		{A98C26D0-3CCC-4AB1-91B7-E2CCEA08BEE3} = {0B9035C8-85CA-4542-A47E-B9E89030A22A}
		{A4B4E7B6-4DC5-4399-B7E1-233490191C6C} = {23665FDD-1FF9-46B7-AE0B-4A741FA5F24D}
		{F435C05F-62FA-4A57-9815-E70280111B4D} = {23665FDD-1FF9-46B7-AE0B-4A741FA5F24D}
		{994FEEA6-AE49-4026-A45A-C0C4DD349AED} = {23665FDD-1FF9-46B7-AE0B-4A741FA5F24D}
		{264F0EB9-7545-431E-8398-0B387FE59DB8} = {23665FDD-1FF9-46B7-AE0B-4A741FA5F24D}
		{702AC128-1DFD-49C5-B15B-9959670A79BB} = {23665FDD-1FF9-46B7-AE0B-4A741FA5F24D}
		{E4065AED-A5FD-456B-8279-6636AD5337FD} = {23665FDD-1FF9-46B7-AE0B-4A741FA5F24D}
		{8E311CF9-1EBF-46B4-8C39-53B55ED8F225} = {23665FDD-1FF9-46B7-AE0B-4A741FA5F24D}
		{E32BDBDE-FF66-4C58-BB52-D4C9C7B615C4} = {23665FDD-1FF9-46B7-AE0B-4A741FA5F24D}
	EndGlobalSection
	GlobalSection(ExtensibilityGlobals) = postSolution
		SolutionGuid = {A8D25B40-5E5C-4D4F-9EA2-2075F9E34813}
	EndGlobalSection
EndGlobal
