
Microsoft Visual Studio Solution File, Format Version 12.00
# Visual Studio Version 16
VisualStudioVersion = 16.0.28803.156
MinimumVisualStudioVersion = 10.0.40219.1
Project("{FAE04EC0-301F-11D3-BF4B-00C04F79EFBC}") = "Exercise1", "Session_1_Intro\Exercise1.csproj", "{477F6287-CCB5-4900-8DA6-155281587E74}"
EndProject
Global
	GlobalSection(SolutionConfigurationPlatforms) = preSolution
		Debug|Any CPU = Debug|Any CPU
		Release|Any CPU = Release|Any CPU
	EndGlobalSection
	GlobalSection(ProjectConfigurationPlatforms) = postSolution
		{477F6287-CCB5-4900-8DA6-155281587E74}.Debug|Any CPU.ActiveCfg = Debug|Any CPU
		{477F6287-CCB5-4900-8DA6-155281587E74}.Debug|Any CPU.Build.0 = Debug|Any CPU
		{477F6287-CCB5-4900-8DA6-155281587E74}.Release|Any CPU.ActiveCfg = Release|Any CPU
		{477F6287-CCB5-4900-8DA6-155281587E74}.Release|Any CPU.Build.0 = Release|Any CPU
	EndGlobalSection
	GlobalSection(SolutionProperties) = preSolution
		HideSolutionNode = FALSE
	EndGlobalSection
	GlobalSection(ExtensibilityGlobals) = postSolution
		SolutionGuid = {1B91C176-FEEC-4359-89E7-BABFCEBD202E}
	EndGlobalSection
EndGlobal
